
Microsoft Visual Studio Solution File, Format Version 11.00
# Visual Studio 2010
Project("{54435603-DBB4-11D2-8724-00A0C9A8B90C}") = "Setup", "Setup\Setup.vdproj", "{A80BFB02-CDBC-486C-A86B-7422979A444D}"
EndProject
Global
	GlobalSection(SolutionConfigurationPlatforms) = preSolution
		Debug|Default = Debug|Default
		Release|Default = Release|Default
	EndGlobalSection
	GlobalSection(ProjectConfigurationPlatforms) = postSolution
		{A80BFB02-CDBC-486C-A86B-7422979A444D}.Debug|Default.ActiveCfg = Debug
		{A80BFB02-CDBC-486C-A86B-7422979A444D}.Debug|Default.Build.0 = Debug
		{A80BFB02-CDBC-486C-A86B-7422979A444D}.Release|Default.ActiveCfg = Release
		{A80BFB02-CDBC-486C-A86B-7422979A444D}.Release|Default.Build.0 = Release
	EndGlobalSection
	GlobalSection(SolutionProperties) = preSolution
		HideSolutionNode = FALSE
	EndGlobalSection
EndGlobal
